
Microsoft Visual Studio Solution File, Format Version 12.00
# Visual Studio Version 16
VisualStudioVersion = 16.0.31025.194
MinimumVisualStudioVersion = 10.0.40219.1
Project("{FAE04EC0-301F-11D3-BF4B-00C04F79EFBC}") = "WebApplication2", "WebApplication2\WebApplication2.csproj", "{24D3B275-54FD-4BF8-82FB-F712B52C0CF9}"
EndProject
Global
	GlobalSection(SolutionConfigurationPlatforms) = preSolution
		Debug|Any CPU = Debug|Any CPU
		Release|Any CPU = Release|Any CPU
	EndGlobalSection
	GlobalSection(ProjectConfigurationPlatforms) = postSolution
		{24D3B275-54FD-4BF8-82FB-F712B52C0CF9}.Debug|Any CPU.ActiveCfg = Debug|Any CPU
		{24D3B275-54FD-4BF8-82FB-F712B52C0CF9}.Debug|Any CPU.Build.0 = Debug|Any CPU
		{24D3B275-54FD-4BF8-82FB-F712B52C0CF9}.Release|Any CPU.ActiveCfg = Release|Any CPU
		{24D3B275-54FD-4BF8-82FB-F712B52C0CF9}.Release|Any CPU.Build.0 = Release|Any CPU
	EndGlobalSection
	GlobalSection(SolutionProperties) = preSolution
		HideSolutionNode = FALSE
	EndGlobalSection
	GlobalSection(ExtensibilityGlobals) = postSolution
		SolutionGuid = {21136091-2EAE-4CFC-8438-1844EBCDE01F}
	EndGlobalSection
EndGlobal
